
Microsoft Visual Studio Solution File, Format Version 12.00
Project("{FAE04EC0-301F-11D3-BF4B-00C04F79EFBC}") = "HexaFlow", "HexaFlow.csproj", "{403214BF-F4C8-45D7-BD9F-860858DA00BB}"
EndProject
Global
	GlobalSection(SolutionConfigurationPlatforms) = preSolution
		Debug|Any CPU = Debug|Any CPU
		Release|Any CPU = Release|Any CPU
	EndGlobalSection
	GlobalSection(ProjectConfigurationPlatforms) = postSolution
		{403214BF-F4C8-45D7-BD9F-860858DA00BB}.Debug|Any CPU.ActiveCfg = Debug|Any CPU
		{403214BF-F4C8-45D7-BD9F-860858DA00BB}.Debug|Any CPU.Build.0 = Debug|Any CPU
		{403214BF-F4C8-45D7-BD9F-860858DA00BB}.Release|Any CPU.ActiveCfg = Release|Any CPU
		{403214BF-F4C8-45D7-BD9F-860858DA00BB}.Release|Any CPU.Build.0 = Release|Any CPU
	EndGlobalSection
EndGlobal
